
Microsoft Visual Studio Solution File, Format Version 12.00
# Visual Studio Version 17
VisualStudioVersion = 17.11.35312.102
MinimumVisualStudioVersion = 10.0.40219.1
Project("{FAE04EC0-301F-11D3-BF4B-00C04F79EFBC}") = "IFingerPrint", "IFingerPrint\IFingerPrint.csproj", "{2084610A-E3D2-423B-A3D9-7AAFE9749755}"
EndProject
Project("{FAE04EC0-301F-11D3-BF4B-00C04F79EFBC}") = "FingerTest", "FingerTest\FingerTest.csproj", "{84C2FD2C-CE1B-42A2-8720-34DED28185D8}"
EndProject
Project("{FAE04EC0-301F-11D3-BF4B-00C04F79EFBC}") = "Dal", "Model\Dal.csproj", "{64B6C573-DCD7-437C-AC41-B0836FFEF6E9}"
EndProject
Project("{FAE04EC0-301F-11D3-BF4B-00C04F79EFBC}") = "Employee", "Employee\Employee.csproj", "{693045A6-EB61-4970-9C86-FC0F1EDA83AB}"
EndProject
Project("{FAE04EC0-301F-11D3-BF4B-00C04F79EFBC}") = "FingerServices", "FingerServices\FingerServices.csproj", "{DA8B8CC8-D8C2-4971-9C35-7DA186200A92}"
EndProject
Global
	GlobalSection(SolutionConfigurationPlatforms) = preSolution
		Debug|Any CPU = Debug|Any CPU
		Release|Any CPU = Release|Any CPU
	EndGlobalSection
	GlobalSection(ProjectConfigurationPlatforms) = postSolution
		{2084610A-E3D2-423B-A3D9-7AAFE9749755}.Debug|Any CPU.ActiveCfg = Debug|Any CPU
		{2084610A-E3D2-423B-A3D9-7AAFE9749755}.Debug|Any CPU.Build.0 = Debug|Any CPU
		{2084610A-E3D2-423B-A3D9-7AAFE9749755}.Release|Any CPU.ActiveCfg = Release|Any CPU
		{2084610A-E3D2-423B-A3D9-7AAFE9749755}.Release|Any CPU.Build.0 = Release|Any CPU
		{84C2FD2C-CE1B-42A2-8720-34DED28185D8}.Debug|Any CPU.ActiveCfg = Debug|Any CPU
		{84C2FD2C-CE1B-42A2-8720-34DED28185D8}.Debug|Any CPU.Build.0 = Debug|Any CPU
		{84C2FD2C-CE1B-42A2-8720-34DED28185D8}.Release|Any CPU.ActiveCfg = Release|Any CPU
		{84C2FD2C-CE1B-42A2-8720-34DED28185D8}.Release|Any CPU.Build.0 = Release|Any CPU
		{64B6C573-DCD7-437C-AC41-B0836FFEF6E9}.Debug|Any CPU.ActiveCfg = Debug|Any CPU
		{64B6C573-DCD7-437C-AC41-B0836FFEF6E9}.Debug|Any CPU.Build.0 = Debug|Any CPU
		{64B6C573-DCD7-437C-AC41-B0836FFEF6E9}.Release|Any CPU.ActiveCfg = Release|Any CPU
		{64B6C573-DCD7-437C-AC41-B0836FFEF6E9}.Release|Any CPU.Build.0 = Release|Any CPU
		{693045A6-EB61-4970-9C86-FC0F1EDA83AB}.Debug|Any CPU.ActiveCfg = Debug|Any CPU
		{693045A6-EB61-4970-9C86-FC0F1EDA83AB}.Debug|Any CPU.Build.0 = Debug|Any CPU
		{693045A6-EB61-4970-9C86-FC0F1EDA83AB}.Release|Any CPU.ActiveCfg = Release|Any CPU
		{693045A6-EB61-4970-9C86-FC0F1EDA83AB}.Release|Any CPU.Build.0 = Release|Any CPU
		{DA8B8CC8-D8C2-4971-9C35-7DA186200A92}.Debug|Any CPU.ActiveCfg = Debug|Any CPU
		{DA8B8CC8-D8C2-4971-9C35-7DA186200A92}.Debug|Any CPU.Build.0 = Debug|Any CPU
		{DA8B8CC8-D8C2-4971-9C35-7DA186200A92}.Release|Any CPU.ActiveCfg = Release|Any CPU
		{DA8B8CC8-D8C2-4971-9C35-7DA186200A92}.Release|Any CPU.Build.0 = Release|Any CPU
	EndGlobalSection
	GlobalSection(SolutionProperties) = preSolution
		HideSolutionNode = FALSE
	EndGlobalSection
	GlobalSection(ExtensibilityGlobals) = postSolution
		SolutionGuid = {44ABF04D-36C7-4929-99CB-5EB2DAE76502}
	EndGlobalSection
EndGlobal
